
Microsoft Visual Studio Solution File, Format Version 12.00
# Visual Studio Version 16
VisualStudioVersion = 16.0.31129.286
MinimumVisualStudioVersion = 10.0.40219.1
Project("{FAE04EC0-301F-11D3-BF4B-00C04F79EFBC}") = "BlogProject.WEBUI", "BlogProject.WEBUI\BlogProject.WEBUI.csproj", "{57F4F5ED-929A-4D1A-B00B-11990C06E6A2}"
EndProject
Project("{FAE04EC0-301F-11D3-BF4B-00C04F79EFBC}") = "BlogProject.MODEL", "BlogProject.MODEL\BlogProject.MODEL.csproj", "{928BD3F0-EF0D-4CB0-96AB-1ABA9DCDDCA7}"
EndProject
Project("{FAE04EC0-301F-11D3-BF4B-00C04F79EFBC}") = "BlogProject.CORE", "BlogProject.CORE\BlogProject.CORE.csproj", "{076F3B96-6E54-497B-9CC7-1A15F7300F62}"
EndProject
Project("{FAE04EC0-301F-11D3-BF4B-00C04F79EFBC}") = "BlogProject.SERVICE", "BlogProject.SERVICE\BlogProject.SERVICE.csproj", "{9AEC794A-CDE3-4055-A455-09D2AFC87F43}"
EndProject
Global
	GlobalSection(SolutionConfigurationPlatforms) = preSolution
		Debug|Any CPU = Debug|Any CPU
		Release|Any CPU = Release|Any CPU
	EndGlobalSection
	GlobalSection(ProjectConfigurationPlatforms) = postSolution
		{57F4F5ED-929A-4D1A-B00B-11990C06E6A2}.Debug|Any CPU.ActiveCfg = Debug|Any CPU
		{57F4F5ED-929A-4D1A-B00B-11990C06E6A2}.Debug|Any CPU.Build.0 = Debug|Any CPU
		{57F4F5ED-929A-4D1A-B00B-11990C06E6A2}.Release|Any CPU.ActiveCfg = Release|Any CPU
		{57F4F5ED-929A-4D1A-B00B-11990C06E6A2}.Release|Any CPU.Build.0 = Release|Any CPU
		{928BD3F0-EF0D-4CB0-96AB-1ABA9DCDDCA7}.Debug|Any CPU.ActiveCfg = Debug|Any CPU
		{928BD3F0-EF0D-4CB0-96AB-1ABA9DCDDCA7}.Debug|Any CPU.Build.0 = Debug|Any CPU
		{928BD3F0-EF0D-4CB0-96AB-1ABA9DCDDCA7}.Release|Any CPU.ActiveCfg = Release|Any CPU
		{928BD3F0-EF0D-4CB0-96AB-1ABA9DCDDCA7}.Release|Any CPU.Build.0 = Release|Any CPU
		{076F3B96-6E54-497B-9CC7-1A15F7300F62}.Debug|Any CPU.ActiveCfg = Debug|Any CPU
		{076F3B96-6E54-497B-9CC7-1A15F7300F62}.Debug|Any CPU.Build.0 = Debug|Any CPU
		{076F3B96-6E54-497B-9CC7-1A15F7300F62}.Release|Any CPU.ActiveCfg = Release|Any CPU
		{076F3B96-6E54-497B-9CC7-1A15F7300F62}.Release|Any CPU.Build.0 = Release|Any CPU
		{9AEC794A-CDE3-4055-A455-09D2AFC87F43}.Debug|Any CPU.ActiveCfg = Debug|Any CPU
		{9AEC794A-CDE3-4055-A455-09D2AFC87F43}.Debug|Any CPU.Build.0 = Debug|Any CPU
		{9AEC794A-CDE3-4055-A455-09D2AFC87F43}.Release|Any CPU.ActiveCfg = Release|Any CPU
		{9AEC794A-CDE3-4055-A455-09D2AFC87F43}.Release|Any CPU.Build.0 = Release|Any CPU
	EndGlobalSection
	GlobalSection(SolutionProperties) = preSolution
		HideSolutionNode = FALSE
	EndGlobalSection
	GlobalSection(ExtensibilityGlobals) = postSolution
		SolutionGuid = {30091079-5D48-478D-8BF1-C379BAD51F6C}
	EndGlobalSection
EndGlobal
